
Microsoft Visual Studio Solution File, Format Version 12.00
# Visual Studio 15
Project("{FAE04EC0-301F-11D3-BF4B-00C04F79EFBC}") = "TaiDouPoHuaiShen", "TaiDouPoHuaiShen.csproj", "{6C09F2F2-5F8A-0383-FE1E-A7CBBD6EFFAA}"
EndProject
Global
	GlobalSection(SolutionConfigurationPlatforms) = preSolution
		Debug|Any CPU = Debug|Any CPU
		Release|Any CPU = Release|Any CPU
	EndGlobalSection
	GlobalSection(ProjectConfigurationPlatforms) = postSolution
		{6C09F2F2-5F8A-0383-FE1E-A7CBBD6EFFAA}.Debug|Any CPU.ActiveCfg = Debug|Any CPU
		{6C09F2F2-5F8A-0383-FE1E-A7CBBD6EFFAA}.Debug|Any CPU.Build.0 = Debug|Any CPU
		{6C09F2F2-5F8A-0383-FE1E-A7CBBD6EFFAA}.Release|Any CPU.ActiveCfg = Release|Any CPU
		{6C09F2F2-5F8A-0383-FE1E-A7CBBD6EFFAA}.Release|Any CPU.Build.0 = Release|Any CPU
	EndGlobalSection
	GlobalSection(SolutionProperties) = preSolution
		HideSolutionNode = FALSE
	EndGlobalSection
EndGlobal
